<?xml version="1.0" encoding="utf-8"?>
<Project ToolsVersion="4.0" xmlns="http://schemas.microsoft.com/developer/msbuild/2003">
  <ItemGroup>
    <Filter Include="Clove">
      <UniqueIdentifier>{9E8AF80C-0A9F-20BE-D320-C41D3FF41CEF}</UniqueIdentifier>
    </Filter>
  </ItemGroup>
  <ItemGroup>
    <ClInclude Include="src\Clove.h" />
    <ClInclude Include="src\Clove\Application.h">
      <Filter>Clove</Filter>
    </ClInclude>
    <ClInclude Include="src\Clove\Core.h">
      <Filter>Clove</Filter>
    </ClInclude>
    <ClInclude Include="src\Clove\EntryPoint.h">
      <Filter>Clove</Filter>
    </ClInclude>
    <ClInclude Include="src\Clove\Log.h">
      <Filter>Clove</Filter>
    </ClInclude>
  </ItemGroup>
  <ItemGroup>
    <ClCompile Include="src\Clove\Application.cpp">
      <Filter>Clove</Filter>
    </ClCompile>
    <ClCompile Include="src\Clove\Log.cpp">
      <Filter>Clove</Filter>
    </ClCompile>
  </ItemGroup>
</Project>